
Microsoft Visual Studio Solution File, Format Version 12.00
# Visual Studio Version 17
VisualStudioVersion = 17.10.34916.146
MinimumVisualStudioVersion = 10.0.40219.1
Project("{9A19103F-16F7-4668-BE54-9A1E7A4F7556}") = "Taskly.User.Api", "Taskly.User.Api\Taskly.User.Api.csproj", "{42ED9852-5802-44B2-9DD6-824BAE820592}"
	ProjectSection(ProjectDependencies) = postProject
		{50034D94-4017-417C-AC77-5585351FD10A} = {50034D94-4017-417C-AC77-5585351FD10A}
		{E65DD65C-EEE8-475C-A26B-2B855CDA9A84} = {E65DD65C-EEE8-475C-A26B-2B855CDA9A84}
	EndProjectSection
EndProject
Project("{9A19103F-16F7-4668-BE54-9A1E7A4F7556}") = "Taskly.User.Data", "Taskly.User.Data\Taskly.User.Data.csproj", "{50034D94-4017-417C-AC77-5585351FD10A}"
	ProjectSection(ProjectDependencies) = postProject
		{E65DD65C-EEE8-475C-A26B-2B855CDA9A84} = {E65DD65C-EEE8-475C-A26B-2B855CDA9A84}
	EndProjectSection
EndProject
Project("{9A19103F-16F7-4668-BE54-9A1E7A4F7556}") = "Taskly.User.Models", "Taskly.User.Models\Taskly.User.Models.csproj", "{E65DD65C-EEE8-475C-A26B-2B855CDA9A84}"
EndProject
Global
	GlobalSection(SolutionConfigurationPlatforms) = preSolution
		Debug|Any CPU = Debug|Any CPU
		Release|Any CPU = Release|Any CPU
	EndGlobalSection
	GlobalSection(ProjectConfigurationPlatforms) = postSolution
		{42ED9852-5802-44B2-9DD6-824BAE820592}.Debug|Any CPU.ActiveCfg = Debug|Any CPU
		{42ED9852-5802-44B2-9DD6-824BAE820592}.Debug|Any CPU.Build.0 = Debug|Any CPU
		{42ED9852-5802-44B2-9DD6-824BAE820592}.Release|Any CPU.ActiveCfg = Release|Any CPU
		{42ED9852-5802-44B2-9DD6-824BAE820592}.Release|Any CPU.Build.0 = Release|Any CPU
		{50034D94-4017-417C-AC77-5585351FD10A}.Debug|Any CPU.ActiveCfg = Debug|Any CPU
		{50034D94-4017-417C-AC77-5585351FD10A}.Debug|Any CPU.Build.0 = Debug|Any CPU
		{50034D94-4017-417C-AC77-5585351FD10A}.Release|Any CPU.ActiveCfg = Release|Any CPU
		{50034D94-4017-417C-AC77-5585351FD10A}.Release|Any CPU.Build.0 = Release|Any CPU
		{E65DD65C-EEE8-475C-A26B-2B855CDA9A84}.Debug|Any CPU.ActiveCfg = Debug|Any CPU
		{E65DD65C-EEE8-475C-A26B-2B855CDA9A84}.Debug|Any CPU.Build.0 = Debug|Any CPU
		{E65DD65C-EEE8-475C-A26B-2B855CDA9A84}.Release|Any CPU.ActiveCfg = Release|Any CPU
		{E65DD65C-EEE8-475C-A26B-2B855CDA9A84}.Release|Any CPU.Build.0 = Release|Any CPU
	EndGlobalSection
	GlobalSection(SolutionProperties) = preSolution
		HideSolutionNode = FALSE
	EndGlobalSection
	GlobalSection(ExtensibilityGlobals) = postSolution
		SolutionGuid = {E6EE4629-58F2-4369-B57C-AE8BA946A305}
	EndGlobalSection
EndGlobal
